// !$*UTF8*$!
{
	archiveVersion = 1;
	classes = {
	};
	objectVersion = 46;
	objects = {

/* Begin PBXBuildFile section */
		F73A8C901C22726F00352333 /* SocketStream.swift in Sources */ = {isa = PBXBuildFile; fileRef = F73A8C8F1C22726F00352333 /* SocketStream.swift */; };
		F73A8C921C22863F00352333 /* ErrorTypes.swift in Sources */ = {isa = PBXBuildFile; fileRef = F73A8C911C22863F00352333 /* ErrorTypes.swift */; };
		F73A8C931C2286E700352333 /* SocketStream.swift in Sources */ = {isa = PBXBuildFile; fileRef = F73A8C8F1C22726F00352333 /* SocketStream.swift */; };
		F73A8C941C2286E700352333 /* ErrorTypes.swift in Sources */ = {isa = PBXBuildFile; fileRef = F73A8C911C22863F00352333 /* ErrorTypes.swift */; };
		F73A8C9C1C229CC900352333 /* main.swift in Sources */ = {isa = PBXBuildFile; fileRef = F73A8C9B1C229CC900352333 /* main.swift */; };
		F73A8CA01C229E1000352333 /* CFSocketClientTransport.swift in Sources */ = {isa = PBXBuildFile; fileRef = F7CF64601C20958D00493204 /* CFSocketClientTransport.swift */; };
		F73A8CA11C229E1000352333 /* CFSocketServerTransport.swift in Sources */ = {isa = PBXBuildFile; fileRef = F7CF64611C20958D00493204 /* CFSocketServerTransport.swift */; };
		F73A8CA21C229E1000352333 /* Transport.swift in Sources */ = {isa = PBXBuildFile; fileRef = F7CF64621C20958D00493204 /* Transport.swift */; };
		F73A8CA31C229E1000352333 /* SocketStream.swift in Sources */ = {isa = PBXBuildFile; fileRef = F73A8C8F1C22726F00352333 /* SocketStream.swift */; };
		F73A8CA41C229E1000352333 /* ErrorTypes.swift in Sources */ = {isa = PBXBuildFile; fileRef = F73A8C911C22863F00352333 /* ErrorTypes.swift */; };
		F73A8CA81C2361A200352333 /* CFStreamClientTransport.swift in Sources */ = {isa = PBXBuildFile; fileRef = F73A8CA71C2361A200352333 /* CFStreamClientTransport.swift */; };
		F73A8CA91C2361A200352333 /* CFStreamClientTransport.swift in Sources */ = {isa = PBXBuildFile; fileRef = F73A8CA71C2361A200352333 /* CFStreamClientTransport.swift */; };
		F73A8CAA1C2361A200352333 /* CFStreamClientTransport.swift in Sources */ = {isa = PBXBuildFile; fileRef = F73A8CA71C2361A200352333 /* CFStreamClientTransport.swift */; };
		F73A8CAC1C23A83C00352333 /* Streams.swift in Sources */ = {isa = PBXBuildFile; fileRef = F73A8CAB1C23A83C00352333 /* Streams.swift */; };
		F73A8CAD1C23A83C00352333 /* Streams.swift in Sources */ = {isa = PBXBuildFile; fileRef = F73A8CAB1C23A83C00352333 /* Streams.swift */; };
		F73A8CAE1C23A83C00352333 /* Streams.swift in Sources */ = {isa = PBXBuildFile; fileRef = F73A8CAB1C23A83C00352333 /* Streams.swift */; };
		F73A8CAF1C23A83C00352333 /* Streams.swift in Sources */ = {isa = PBXBuildFile; fileRef = F73A8CAB1C23A83C00352333 /* Streams.swift */; };
		F73A8CB11C245C6500352333 /* BufferedStream.swift in Sources */ = {isa = PBXBuildFile; fileRef = F73A8CB01C245C6500352333 /* BufferedStream.swift */; };
		F73A8CB31C245E5900352333 /* Buffer.swift in Sources */ = {isa = PBXBuildFile; fileRef = F73A8CB21C245E5900352333 /* Buffer.swift */; };
		F73A8CB41C245E5900352333 /* Buffer.swift in Sources */ = {isa = PBXBuildFile; fileRef = F73A8CB21C245E5900352333 /* Buffer.swift */; };
		F73A8CB51C245E5900352333 /* Buffer.swift in Sources */ = {isa = PBXBuildFile; fileRef = F73A8CB21C245E5900352333 /* Buffer.swift */; };
		F73A8CB61C245E5900352333 /* Buffer.swift in Sources */ = {isa = PBXBuildFile; fileRef = F73A8CB21C245E5900352333 /* Buffer.swift */; };
		F7CF64451C2094B900493204 /* SwiftIO.framework in Frameworks */ = {isa = PBXBuildFile; fileRef = F7CF643A1C2094B900493204 /* SwiftIO.framework */; };
		F7CF644A1C2094B900493204 /* SwiftIOTests.swift in Sources */ = {isa = PBXBuildFile; fileRef = F7CF64491C2094B900493204 /* SwiftIOTests.swift */; };
		F7CF645B1C2094F600493204 /* main.swift in Sources */ = {isa = PBXBuildFile; fileRef = F7CF645A1C2094F600493204 /* main.swift */; };
		F7CF64631C20958D00493204 /* CFSocketClientTransport.swift in Sources */ = {isa = PBXBuildFile; fileRef = F7CF64601C20958D00493204 /* CFSocketClientTransport.swift */; };
		F7CF64641C20958D00493204 /* CFSocketServerTransport.swift in Sources */ = {isa = PBXBuildFile; fileRef = F7CF64611C20958D00493204 /* CFSocketServerTransport.swift */; };
		F7CF64651C20958D00493204 /* Transport.swift in Sources */ = {isa = PBXBuildFile; fileRef = F7CF64621C20958D00493204 /* Transport.swift */; };
		F7CF64661C2095E600493204 /* CFSocketClientTransport.swift in Sources */ = {isa = PBXBuildFile; fileRef = F7CF64601C20958D00493204 /* CFSocketClientTransport.swift */; };
		F7CF64671C2095E600493204 /* CFSocketServerTransport.swift in Sources */ = {isa = PBXBuildFile; fileRef = F7CF64611C20958D00493204 /* CFSocketServerTransport.swift */; };
		F7CF64681C2095E600493204 /* Transport.swift in Sources */ = {isa = PBXBuildFile; fileRef = F7CF64621C20958D00493204 /* Transport.swift */; };
		F7CF646A1C209A1700493204 /* CoreFoundation.framework in Frameworks */ = {isa = PBXBuildFile; fileRef = F7CF64691C209A1700493204 /* CoreFoundation.framework */; };
		F7CF64721C20C07A00493204 /* SwiftIO.h in Headers */ = {isa = PBXBuildFile; fileRef = F7CF64711C20C07A00493204 /* SwiftIO.h */; settings = {ATTRIBUTES = (Public, ); }; };
/* End PBXBuildFile section */

/* Begin PBXContainerItemProxy section */
		F73A8CA51C229E1D00352333 /* PBXContainerItemProxy */ = {
			isa = PBXContainerItemProxy;
			containerPortal = F7CF64311C2094B900493204 /* Project object */;
			proxyType = 1;
			remoteGlobalIDString = F7CF64391C2094B900493204;
			remoteInfo = SwiftIO;
		};
		F7CF64461C2094B900493204 /* PBXContainerItemProxy */ = {
			isa = PBXContainerItemProxy;
			containerPortal = F7CF64311C2094B900493204 /* Project object */;
			proxyType = 1;
			remoteGlobalIDString = F7CF64391C2094B900493204;
			remoteInfo = SwiftIO;
		};
		F7CF646B1C209CCA00493204 /* PBXContainerItemProxy */ = {
			isa = PBXContainerItemProxy;
			containerPortal = F7CF64311C2094B900493204 /* Project object */;
			proxyType = 1;
			remoteGlobalIDString = F7CF64391C2094B900493204;
			remoteInfo = SwiftIO;
		};
/* End PBXContainerItemProxy section */

/* Begin PBXCopyFilesBuildPhase section */
		F73A8C971C229CC900352333 /* CopyFiles */ = {
			isa = PBXCopyFilesBuildPhase;
			buildActionMask = 2147483647;
			dstPath = /usr/share/man/man1/;
			dstSubfolderSpec = 0;
			files = (
			);
			runOnlyForDeploymentPostprocessing = 1;
		};
		F7CF64561C2094F600493204 /* CopyFiles */ = {
			isa = PBXCopyFilesBuildPhase;
			buildActionMask = 2147483647;
			dstPath = /usr/share/man/man1/;
			dstSubfolderSpec = 0;
			files = (
			);
			runOnlyForDeploymentPostprocessing = 1;
		};
/* End PBXCopyFilesBuildPhase section */

/* Begin PBXFileReference section */
		F73A8C8F1C22726F00352333 /* SocketStream.swift */ = {isa = PBXFileReference; fileEncoding = 4; lastKnownFileType = sourcecode.swift; path = SocketStream.swift; sourceTree = "<group>"; };
		F73A8C911C22863F00352333 /* ErrorTypes.swift */ = {isa = PBXFileReference; fileEncoding = 4; lastKnownFileType = sourcecode.swift; path = ErrorTypes.swift; sourceTree = "<group>"; };
		F73A8C991C229CC900352333 /* SwiftIOCallbackDemo */ = {isa = PBXFileReference; explicitFileType = "compiled.mach-o.executable"; includeInIndex = 0; path = SwiftIOCallbackDemo; sourceTree = BUILT_PRODUCTS_DIR; };
		F73A8C9B1C229CC900352333 /* main.swift */ = {isa = PBXFileReference; lastKnownFileType = sourcecode.swift; path = main.swift; sourceTree = "<group>"; };
		F73A8CA71C2361A200352333 /* CFStreamClientTransport.swift */ = {isa = PBXFileReference; fileEncoding = 4; lastKnownFileType = sourcecode.swift; path = CFStreamClientTransport.swift; sourceTree = "<group>"; };
		F73A8CAB1C23A83C00352333 /* Streams.swift */ = {isa = PBXFileReference; fileEncoding = 4; lastKnownFileType = sourcecode.swift; path = Streams.swift; sourceTree = "<group>"; };
		F73A8CB01C245C6500352333 /* BufferedStream.swift */ = {isa = PBXFileReference; fileEncoding = 4; lastKnownFileType = sourcecode.swift; path = BufferedStream.swift; sourceTree = "<group>"; };
		F73A8CB21C245E5900352333 /* Buffer.swift */ = {isa = PBXFileReference; fileEncoding = 4; lastKnownFileType = sourcecode.swift; path = Buffer.swift; sourceTree = "<group>"; };
		F7CF643A1C2094B900493204 /* SwiftIO.framework */ = {isa = PBXFileReference; explicitFileType = wrapper.framework; includeInIndex = 0; path = SwiftIO.framework; sourceTree = BUILT_PRODUCTS_DIR; };
		F7CF643F1C2094B900493204 /* Info.plist */ = {isa = PBXFileReference; lastKnownFileType = text.plist.xml; path = Info.plist; sourceTree = "<group>"; };
		F7CF64441C2094B900493204 /* SwiftIOTests.xctest */ = {isa = PBXFileReference; explicitFileType = wrapper.cfbundle; includeInIndex = 0; path = SwiftIOTests.xctest; sourceTree = BUILT_PRODUCTS_DIR; };
		F7CF64491C2094B900493204 /* SwiftIOTests.swift */ = {isa = PBXFileReference; lastKnownFileType = sourcecode.swift; path = SwiftIOTests.swift; sourceTree = "<group>"; };
		F7CF644B1C2094B900493204 /* Info.plist */ = {isa = PBXFileReference; lastKnownFileType = text.plist.xml; path = Info.plist; sourceTree = "<group>"; };
		F7CF64581C2094F600493204 /* SwiftIODemo */ = {isa = PBXFileReference; explicitFileType = "compiled.mach-o.executable"; includeInIndex = 0; path = SwiftIODemo; sourceTree = BUILT_PRODUCTS_DIR; };
		F7CF645A1C2094F600493204 /* main.swift */ = {isa = PBXFileReference; lastKnownFileType = sourcecode.swift; path = main.swift; sourceTree = "<group>"; };
		F7CF64601C20958D00493204 /* CFSocketClientTransport.swift */ = {isa = PBXFileReference; fileEncoding = 4; lastKnownFileType = sourcecode.swift; path = CFSocketClientTransport.swift; sourceTree = "<group>"; };
		F7CF64611C20958D00493204 /* CFSocketServerTransport.swift */ = {isa = PBXFileReference; fileEncoding = 4; lastKnownFileType = sourcecode.swift; path = CFSocketServerTransport.swift; sourceTree = "<group>"; };
		F7CF64621C20958D00493204 /* Transport.swift */ = {isa = PBXFileReference; fileEncoding = 4; lastKnownFileType = sourcecode.swift; path = Transport.swift; sourceTree = "<group>"; };
		F7CF64691C209A1700493204 /* CoreFoundation.framework */ = {isa = PBXFileReference; lastKnownFileType = wrapper.framework; name = CoreFoundation.framework; path = System/Library/Frameworks/CoreFoundation.framework; sourceTree = SDKROOT; };
		F7CF64711C20C07A00493204 /* SwiftIO.h */ = {isa = PBXFileReference; fileEncoding = 4; lastKnownFileType = sourcecode.c.h; path = SwiftIO.h; sourceTree = "<group>"; };
/* End PBXFileReference section */

/* Begin PBXFrameworksBuildPhase section */
		F73A8C961C229CC900352333 /* Frameworks */ = {
			isa = PBXFrameworksBuildPhase;
			buildActionMask = 2147483647;
			files = (
			);
			runOnlyForDeploymentPostprocessing = 0;
		};
		F7CF64361C2094B900493204 /* Frameworks */ = {
			isa = PBXFrameworksBuildPhase;
			buildActionMask = 2147483647;
			files = (
				F7CF646A1C209A1700493204 /* CoreFoundation.framework in Frameworks */,
			);
			runOnlyForDeploymentPostprocessing = 0;
		};
		F7CF64411C2094B900493204 /* Frameworks */ = {
			isa = PBXFrameworksBuildPhase;
			buildActionMask = 2147483647;
			files = (
				F7CF64451C2094B900493204 /* SwiftIO.framework in Frameworks */,
			);
			runOnlyForDeploymentPostprocessing = 0;
		};
		F7CF64551C2094F600493204 /* Frameworks */ = {
			isa = PBXFrameworksBuildPhase;
			buildActionMask = 2147483647;
			files = (
			);
			runOnlyForDeploymentPostprocessing = 0;
		};
/* End PBXFrameworksBuildPhase section */

/* Begin PBXGroup section */
		F73A8C9A1C229CC900352333 /* SwiftIOCallbackDemo */ = {
			isa = PBXGroup;
			children = (
				F73A8C9B1C229CC900352333 /* main.swift */,
			);
			path = SwiftIOCallbackDemo;
			sourceTree = "<group>";
		};
		F7CF64301C2094B900493204 = {
			isa = PBXGroup;
			children = (
				F7CF64691C209A1700493204 /* CoreFoundation.framework */,
				F7CF643C1C2094B900493204 /* SwiftIO */,
				F7CF64481C2094B900493204 /* SwiftIOTests */,
				F7CF64591C2094F600493204 /* SwiftIODemo */,
				F73A8C9A1C229CC900352333 /* SwiftIOCallbackDemo */,
				F7CF643B1C2094B900493204 /* Products */,
			);
			sourceTree = "<group>";
		};
		F7CF643B1C2094B900493204 /* Products */ = {
			isa = PBXGroup;
			children = (
				F7CF643A1C2094B900493204 /* SwiftIO.framework */,
				F7CF64441C2094B900493204 /* SwiftIOTests.xctest */,
				F7CF64581C2094F600493204 /* SwiftIODemo */,
				F73A8C991C229CC900352333 /* SwiftIOCallbackDemo */,
			);
			name = Products;
			sourceTree = "<group>";
		};
		F7CF643C1C2094B900493204 /* SwiftIO */ = {
			isa = PBXGroup;
			children = (
				F7CF64711C20C07A00493204 /* SwiftIO.h */,
				F7CF645F1C20958D00493204 /* Sources */,
				F7CF643F1C2094B900493204 /* Info.plist */,
			);
			path = SwiftIO;
			sourceTree = "<group>";
		};
		F7CF64481C2094B900493204 /* SwiftIOTests */ = {
			isa = PBXGroup;
			children = (
				F7CF64491C2094B900493204 /* SwiftIOTests.swift */,
				F7CF644B1C2094B900493204 /* Info.plist */,
			);
			path = SwiftIOTests;
			sourceTree = "<group>";
		};
		F7CF64591C2094F600493204 /* SwiftIODemo */ = {
			isa = PBXGroup;
			children = (
				F7CF645A1C2094F600493204 /* main.swift */,
			);
			path = SwiftIODemo;
			sourceTree = "<group>";
		};
		F7CF645F1C20958D00493204 /* Sources */ = {
			isa = PBXGroup;
			children = (
				F73A8CA71C2361A200352333 /* CFStreamClientTransport.swift */,
				F7CF64601C20958D00493204 /* CFSocketClientTransport.swift */,
				F7CF64611C20958D00493204 /* CFSocketServerTransport.swift */,
				F7CF64621C20958D00493204 /* Transport.swift */,
				F73A8C8F1C22726F00352333 /* SocketStream.swift */,
				F73A8C911C22863F00352333 /* ErrorTypes.swift */,
				F73A8CAB1C23A83C00352333 /* Streams.swift */,
				F73A8CB01C245C6500352333 /* BufferedStream.swift */,
				F73A8CB21C245E5900352333 /* Buffer.swift */,
			);
			name = Sources;
			path = ../Sources;
			sourceTree = "<group>";
		};
/* End PBXGroup section */

/* Begin PBXHeadersBuildPhase section */
		F7CF64371C2094B900493204 /* Headers */ = {
			isa = PBXHeadersBuildPhase;
			buildActionMask = 2147483647;
			files = (
				F7CF64721C20C07A00493204 /* SwiftIO.h in Headers */,
			);
			runOnlyForDeploymentPostprocessing = 0;
		};
/* End PBXHeadersBuildPhase section */

/* Begin PBXNativeTarget section */
		F73A8C981C229CC900352333 /* SwiftIOCallbackDemo */ = {
			isa = PBXNativeTarget;
			buildConfigurationList = F73A8C9F1C229CC900352333 /* Build configuration list for PBXNativeTarget "SwiftIOCallbackDemo" */;
			buildPhases = (
				F73A8C951C229CC900352333 /* Sources */,
				F73A8C961C229CC900352333 /* Frameworks */,
				F73A8C971C229CC900352333 /* CopyFiles */,
			);
			buildRules = (
			);
			dependencies = (
				F73A8CA61C229E1D00352333 /* PBXTargetDependency */,
			);
			name = SwiftIOCallbackDemo;
			productName = SwiftIOCallbackDemo;
			productReference = F73A8C991C229CC900352333 /* SwiftIOCallbackDemo */;
			productType = "com.apple.product-type.tool";
		};
		F7CF64391C2094B900493204 /* SwiftIO */ = {
			isa = PBXNativeTarget;
			buildConfigurationList = F7CF644E1C2094B900493204 /* Build configuration list for PBXNativeTarget "SwiftIO" */;
			buildPhases = (
				F7CF64351C2094B900493204 /* Sources */,
				F7CF64361C2094B900493204 /* Frameworks */,
				F7CF64371C2094B900493204 /* Headers */,
				F7CF64381C2094B900493204 /* Resources */,
			);
			buildRules = (
			);
			dependencies = (
			);
			name = SwiftIO;
			productName = SwiftIO;
			productReference = F7CF643A1C2094B900493204 /* SwiftIO.framework */;
			productType = "com.apple.product-type.framework";
		};
		F7CF64431C2094B900493204 /* SwiftIOTests */ = {
			isa = PBXNativeTarget;
			buildConfigurationList = F7CF64511C2094B900493204 /* Build configuration list for PBXNativeTarget "SwiftIOTests" */;
			buildPhases = (
				F7CF64401C2094B900493204 /* Sources */,
				F7CF64411C2094B900493204 /* Frameworks */,
				F7CF64421C2094B900493204 /* Resources */,
			);
			buildRules = (
			);
			dependencies = (
				F7CF64471C2094B900493204 /* PBXTargetDependency */,
			);
			name = SwiftIOTests;
			productName = SwiftIOTests;
			productReference = F7CF64441C2094B900493204 /* SwiftIOTests.xctest */;
			productType = "com.apple.product-type.bundle.unit-test";
		};
		F7CF64571C2094F600493204 /* SwiftIODemo */ = {
			isa = PBXNativeTarget;
			buildConfigurationList = F7CF645C1C2094F600493204 /* Build configuration list for PBXNativeTarget "SwiftIODemo" */;
			buildPhases = (
				F7CF64541C2094F600493204 /* Sources */,
				F7CF64551C2094F600493204 /* Frameworks */,
				F7CF64561C2094F600493204 /* CopyFiles */,
			);
			buildRules = (
			);
			dependencies = (
				F7CF646C1C209CCA00493204 /* PBXTargetDependency */,
			);
			name = SwiftIODemo;
			productName = SwiftIODemo;
			productReference = F7CF64581C2094F600493204 /* SwiftIODemo */;
			productType = "com.apple.product-type.tool";
		};
/* End PBXNativeTarget section */

/* Begin PBXProject section */
		F7CF64311C2094B900493204 /* Project object */ = {
			isa = PBXProject;
			attributes = {
				LastSwiftUpdateCheck = 0710;
				LastUpgradeCheck = 0710;
				ORGANIZATIONNAME = "Sriram Panyam";
				TargetAttributes = {
					F73A8C981C229CC900352333 = {
						CreatedOnToolsVersion = 7.1.1;
					};
					F7CF64391C2094B900493204 = {
						CreatedOnToolsVersion = 7.1.1;
					};
					F7CF64431C2094B900493204 = {
						CreatedOnToolsVersion = 7.1.1;
					};
					F7CF64571C2094F600493204 = {
						CreatedOnToolsVersion = 7.1.1;
					};
				};
			};
			buildConfigurationList = F7CF64341C2094B900493204 /* Build configuration list for PBXProject "SwiftIO" */;
			compatibilityVersion = "Xcode 3.2";
			developmentRegion = English;
			hasScannedForEncodings = 0;
			knownRegions = (
				en,
			);
			mainGroup = F7CF64301C2094B900493204;
			productRefGroup = F7CF643B1C2094B900493204 /* Products */;
			projectDirPath = "";
			projectRoot = "";
			targets = (
				F7CF64391C2094B900493204 /* SwiftIO */,
				F7CF64431C2094B900493204 /* SwiftIOTests */,
				F7CF64571C2094F600493204 /* SwiftIODemo */,
				F73A8C981C229CC900352333 /* SwiftIOCallbackDemo */,
			);
		};
/* End PBXProject section */

/* Begin PBXResourcesBuildPhase section */
		F7CF64381C2094B900493204 /* Resources */ = {
			isa = PBXResourcesBuildPhase;
			buildActionMask = 2147483647;
			files = (
			);
			runOnlyForDeploymentPostprocessing = 0;
		};
		F7CF64421C2094B900493204 /* Resources */ = {
			isa = PBXResourcesBuildPhase;
			buildActionMask = 2147483647;
			files = (
			);
			runOnlyForDeploymentPostprocessing = 0;
		};
/* End PBXResourcesBuildPhase section */

/* Begin PBXSourcesBuildPhase section */
		F73A8C951C229CC900352333 /* Sources */ = {
			isa = PBXSourcesBuildPhase;
			buildActionMask = 2147483647;
			files = (
				F73A8CA01C229E1000352333 /* CFSocketClientTransport.swift in Sources */,
				F73A8CA11C229E1000352333 /* CFSocketServerTransport.swift in Sources */,
				F73A8CAA1C2361A200352333 /* CFStreamClientTransport.swift in Sources */,
				F73A8CA21C229E1000352333 /* Transport.swift in Sources */,
				F73A8CA31C229E1000352333 /* SocketStream.swift in Sources */,
				F73A8CA41C229E1000352333 /* ErrorTypes.swift in Sources */,
				F73A8C9C1C229CC900352333 /* main.swift in Sources */,
				F73A8CAF1C23A83C00352333 /* Streams.swift in Sources */,
				F73A8CB61C245E5900352333 /* Buffer.swift in Sources */,
			);
			runOnlyForDeploymentPostprocessing = 0;
		};
		F7CF64351C2094B900493204 /* Sources */ = {
			isa = PBXSourcesBuildPhase;
			buildActionMask = 2147483647;
			files = (
				F7CF64641C20958D00493204 /* CFSocketServerTransport.swift in Sources */,
				F73A8CAC1C23A83C00352333 /* Streams.swift in Sources */,
				F73A8CA81C2361A200352333 /* CFStreamClientTransport.swift in Sources */,
				F7CF64651C20958D00493204 /* Transport.swift in Sources */,
				F73A8C921C22863F00352333 /* ErrorTypes.swift in Sources */,
				F73A8C901C22726F00352333 /* SocketStream.swift in Sources */,
				F73A8CB11C245C6500352333 /* BufferedStream.swift in Sources */,
				F7CF64631C20958D00493204 /* CFSocketClientTransport.swift in Sources */,
				F73A8CB31C245E5900352333 /* Buffer.swift in Sources */,
			);
			runOnlyForDeploymentPostprocessing = 0;
		};
		F7CF64401C2094B900493204 /* Sources */ = {
			isa = PBXSourcesBuildPhase;
			buildActionMask = 2147483647;
			files = (
				F7CF644A1C2094B900493204 /* SwiftIOTests.swift in Sources */,
				F73A8CAD1C23A83C00352333 /* Streams.swift in Sources */,
				F73A8CB41C245E5900352333 /* Buffer.swift in Sources */,
			);
			runOnlyForDeploymentPostprocessing = 0;
		};
		F7CF64541C2094F600493204 /* Sources */ = {
			isa = PBXSourcesBuildPhase;
			buildActionMask = 2147483647;
			files = (
				F73A8C931C2286E700352333 /* SocketStream.swift in Sources */,
				F73A8C941C2286E700352333 /* ErrorTypes.swift in Sources */,
				F73A8CA91C2361A200352333 /* CFStreamClientTransport.swift in Sources */,
				F7CF64661C2095E600493204 /* CFSocketClientTransport.swift in Sources */,
				F7CF64671C2095E600493204 /* CFSocketServerTransport.swift in Sources */,
				F7CF64681C2095E600493204 /* Transport.swift in Sources */,
				F7CF645B1C2094F600493204 /* main.swift in Sources */,
				F73A8CAE1C23A83C00352333 /* Streams.swift in Sources */,
				F73A8CB51C245E5900352333 /* Buffer.swift in Sources */,
			);
			runOnlyForDeploymentPostprocessing = 0;
		};
/* End PBXSourcesBuildPhase section */

/* Begin PBXTargetDependency section */
		F73A8CA61C229E1D00352333 /* PBXTargetDependency */ = {
			isa = PBXTargetDependency;
			target = F7CF64391C2094B900493204 /* SwiftIO */;
			targetProxy = F73A8CA51C229E1D00352333 /* PBXContainerItemProxy */;
		};
		F7CF64471C2094B900493204 /* PBXTargetDependency */ = {
			isa = PBXTargetDependency;
			target = F7CF64391C2094B900493204 /* SwiftIO */;
			targetProxy = F7CF64461C2094B900493204 /* PBXContainerItemProxy */;
		};
		F7CF646C1C209CCA00493204 /* PBXTargetDependency */ = {
			isa = PBXTargetDependency;
			target = F7CF64391C2094B900493204 /* SwiftIO */;
			targetProxy = F7CF646B1C209CCA00493204 /* PBXContainerItemProxy */;
		};
/* End PBXTargetDependency section */

/* Begin XCBuildConfiguration section */
		F73A8C9D1C229CC900352333 /* Debug */ = {
			isa = XCBuildConfiguration;
			buildSettings = {
				PRODUCT_NAME = "$(TARGET_NAME)";
			};
			name = Debug;
		};
		F73A8C9E1C229CC900352333 /* Release */ = {
			isa = XCBuildConfiguration;
			buildSettings = {
				PRODUCT_NAME = "$(TARGET_NAME)";
			};
			name = Release;
		};
		F7CF644C1C2094B900493204 /* Debug */ = {
			isa = XCBuildConfiguration;
			buildSettings = {
				ALWAYS_SEARCH_USER_PATHS = NO;
				CLANG_CXX_LANGUAGE_STANDARD = "gnu++0x";
				CLANG_CXX_LIBRARY = "libc++";
				CLANG_ENABLE_MODULES = YES;
				CLANG_ENABLE_OBJC_ARC = YES;
				CLANG_WARN_BOOL_CONVERSION = YES;
				CLANG_WARN_CONSTANT_CONVERSION = YES;
				CLANG_WARN_DIRECT_OBJC_ISA_USAGE = YES_ERROR;
				CLANG_WARN_EMPTY_BODY = YES;
				CLANG_WARN_ENUM_CONVERSION = YES;
				CLANG_WARN_INT_CONVERSION = YES;
				CLANG_WARN_OBJC_ROOT_CLASS = YES_ERROR;
				CLANG_WARN_UNREACHABLE_CODE = YES;
				CLANG_WARN__DUPLICATE_METHOD_MATCH = YES;
				CODE_SIGN_IDENTITY = "-";
				COPY_PHASE_STRIP = NO;
				CURRENT_PROJECT_VERSION = 1;
				DEBUG_INFORMATION_FORMAT = dwarf;
				ENABLE_STRICT_OBJC_MSGSEND = YES;
				ENABLE_TESTABILITY = YES;
				GCC_C_LANGUAGE_STANDARD = gnu99;
				GCC_DYNAMIC_NO_PIC = NO;
				GCC_NO_COMMON_BLOCKS = YES;
				GCC_OPTIMIZATION_LEVEL = 0;
				GCC_PREPROCESSOR_DEFINITIONS = (
					"DEBUG=1",
					"$(inherited)",
				);
				GCC_WARN_64_TO_32_BIT_CONVERSION = YES;
				GCC_WARN_ABOUT_RETURN_TYPE = YES_ERROR;
				GCC_WARN_UNDECLARED_SELECTOR = YES;
				GCC_WARN_UNINITIALIZED_AUTOS = YES_AGGRESSIVE;
				GCC_WARN_UNUSED_FUNCTION = YES;
				GCC_WARN_UNUSED_VARIABLE = YES;
				MACOSX_DEPLOYMENT_TARGET = 10.10;
				MTL_ENABLE_DEBUG_INFO = YES;
				ONLY_ACTIVE_ARCH = YES;
				SDKROOT = macosx;
				SWIFT_OPTIMIZATION_LEVEL = "-Onone";
				VERSIONING_SYSTEM = "apple-generic";
				VERSION_INFO_PREFIX = "";
			};
			name = Debug;
		};
		F7CF644D1C2094B900493204 /* Release */ = {
			isa = XCBuildConfiguration;
			buildSettings = {
				ALWAYS_SEARCH_USER_PATHS = NO;
				CLANG_CXX_LANGUAGE_STANDARD = "gnu++0x";
				CLANG_CXX_LIBRARY = "libc++";
				CLANG_ENABLE_MODULES = YES;
				CLANG_ENABLE_OBJC_ARC = YES;
				CLANG_WARN_BOOL_CONVERSION = YES;
				CLANG_WARN_CONSTANT_CONVERSION = YES;
				CLANG_WARN_DIRECT_OBJC_ISA_USAGE = YES_ERROR;
				CLANG_WARN_EMPTY_BODY = YES;
				CLANG_WARN_ENUM_CONVERSION = YES;
				CLANG_WARN_INT_CONVERSION = YES;
				CLANG_WARN_OBJC_ROOT_CLASS = YES_ERROR;
				CLANG_WARN_UNREACHABLE_CODE = YES;
				CLANG_WARN__DUPLICATE_METHOD_MATCH = YES;
				CODE_SIGN_IDENTITY = "-";
				COPY_PHASE_STRIP = NO;
				CURRENT_PROJECT_VERSION = 1;
				DEBUG_INFORMATION_FORMAT = "dwarf-with-dsym";
				ENABLE_NS_ASSERTIONS = NO;
				ENABLE_STRICT_OBJC_MSGSEND = YES;
				GCC_C_LANGUAGE_STANDARD = gnu99;
				GCC_NO_COMMON_BLOCKS = YES;
				GCC_WARN_64_TO_32_BIT_CONVERSION = YES;
				GCC_WARN_ABOUT_RETURN_TYPE = YES_ERROR;
				GCC_WARN_UNDECLARED_SELECTOR = YES;
				GCC_WARN_UNINITIALIZED_AUTOS = YES_AGGRESSIVE;
				GCC_WARN_UNUSED_FUNCTION = YES;
				GCC_WARN_UNUSED_VARIABLE = YES;
				MACOSX_DEPLOYMENT_TARGET = 10.10;
				MTL_ENABLE_DEBUG_INFO = NO;
				SDKROOT = macosx;
				VERSIONING_SYSTEM = "apple-generic";
				VERSION_INFO_PREFIX = "";
			};
			name = Release;
		};
		F7CF644F1C2094B900493204 /* Debug */ = {
			isa = XCBuildConfiguration;
			buildSettings = {
				COMBINE_HIDPI_IMAGES = YES;
				DEFINES_MODULE = YES;
				DYLIB_COMPATIBILITY_VERSION = 1;
				DYLIB_CURRENT_VERSION = 1;
				DYLIB_INSTALL_NAME_BASE = "@rpath";
				FRAMEWORK_VERSION = A;
				INFOPLIST_FILE = SwiftIO/Info.plist;
				INSTALL_PATH = "$(LOCAL_LIBRARY_DIR)/Frameworks";
				LD_RUNPATH_SEARCH_PATHS = "$(inherited) @executable_path/../Frameworks @loader_path/Frameworks";
				PRODUCT_BUNDLE_IDENTIFIER = com.panyam.SwiftIO;
				PRODUCT_NAME = "$(TARGET_NAME)";
				SKIP_INSTALL = YES;
			};
			name = Debug;
		};
		F7CF64501C2094B900493204 /* Release */ = {
			isa = XCBuildConfiguration;
			buildSettings = {
				COMBINE_HIDPI_IMAGES = YES;
				DEFINES_MODULE = YES;
				DYLIB_COMPATIBILITY_VERSION = 1;
				DYLIB_CURRENT_VERSION = 1;
				DYLIB_INSTALL_NAME_BASE = "@rpath";
				FRAMEWORK_VERSION = A;
				INFOPLIST_FILE = SwiftIO/Info.plist;
				INSTALL_PATH = "$(LOCAL_LIBRARY_DIR)/Frameworks";
				LD_RUNPATH_SEARCH_PATHS = "$(inherited) @executable_path/../Frameworks @loader_path/Frameworks";
				PRODUCT_BUNDLE_IDENTIFIER = com.panyam.SwiftIO;
				PRODUCT_NAME = "$(TARGET_NAME)";
				SKIP_INSTALL = YES;
			};
			name = Release;
		};
		F7CF64521C2094B900493204 /* Debug */ = {
			isa = XCBuildConfiguration;
			buildSettings = {
				COMBINE_HIDPI_IMAGES = YES;
				INFOPLIST_FILE = SwiftIOTests/Info.plist;
				LD_RUNPATH_SEARCH_PATHS = "$(inherited) @executable_path/../Frameworks @loader_path/../Frameworks";
				PRODUCT_BUNDLE_IDENTIFIER = com.panyam.SwiftIOTests;
				PRODUCT_NAME = "$(TARGET_NAME)";
			};
			name = Debug;
		};
		F7CF64531C2094B900493204 /* Release */ = {
			isa = XCBuildConfiguration;
			buildSettings = {
				COMBINE_HIDPI_IMAGES = YES;
				INFOPLIST_FILE = SwiftIOTests/Info.plist;
				LD_RUNPATH_SEARCH_PATHS = "$(inherited) @executable_path/../Frameworks @loader_path/../Frameworks";
				PRODUCT_BUNDLE_IDENTIFIER = com.panyam.SwiftIOTests;
				PRODUCT_NAME = "$(TARGET_NAME)";
			};
			name = Release;
		};
		F7CF645D1C2094F600493204 /* Debug */ = {
			isa = XCBuildConfiguration;
			buildSettings = {
				PRODUCT_NAME = "$(TARGET_NAME)";
			};
			name = Debug;
		};
		F7CF645E1C2094F600493204 /* Release */ = {
			isa = XCBuildConfiguration;
			buildSettings = {
				PRODUCT_NAME = "$(TARGET_NAME)";
			};
			name = Release;
		};
/* End XCBuildConfiguration section */

/* Begin XCConfigurationList section */
		F73A8C9F1C229CC900352333 /* Build configuration list for PBXNativeTarget "SwiftIOCallbackDemo" */ = {
			isa = XCConfigurationList;
			buildConfigurations = (
				F73A8C9D1C229CC900352333 /* Debug */,
				F73A8C9E1C229CC900352333 /* Release */,
			);
			defaultConfigurationIsVisible = 0;
			defaultConfigurationName = Release;
		};
		F7CF64341C2094B900493204 /* Build configuration list for PBXProject "SwiftIO" */ = {
			isa = XCConfigurationList;
			buildConfigurations = (
				F7CF644C1C2094B900493204 /* Debug */,
				F7CF644D1C2094B900493204 /* Release */,
			);
			defaultConfigurationIsVisible = 0;
			defaultConfigurationName = Release;
		};
		F7CF644E1C2094B900493204 /* Build configuration list for PBXNativeTarget "SwiftIO" */ = {
			isa = XCConfigurationList;
			buildConfigurations = (
				F7CF644F1C2094B900493204 /* Debug */,
				F7CF64501C2094B900493204 /* Release */,
			);
			defaultConfigurationIsVisible = 0;
			defaultConfigurationName = Release;
		};
		F7CF64511C2094B900493204 /* Build configuration list for PBXNativeTarget "SwiftIOTests" */ = {
			isa = XCConfigurationList;
			buildConfigurations = (
				F7CF64521C2094B900493204 /* Debug */,
				F7CF64531C2094B900493204 /* Release */,
			);
			defaultConfigurationIsVisible = 0;
			defaultConfigurationName = Release;
		};
		F7CF645C1C2094F600493204 /* Build configuration list for PBXNativeTarget "SwiftIODemo" */ = {
			isa = XCConfigurationList;
			buildConfigurations = (
				F7CF645D1C2094F600493204 /* Debug */,
				F7CF645E1C2094F600493204 /* Release */,
			);
			defaultConfigurationIsVisible = 0;
			defaultConfigurationName = Release;
		};
/* End XCConfigurationList section */
	};
	rootObject = F7CF64311C2094B900493204 /* Project object */;
}
